# THIS IS AN AUTOGENERATED FILE. DO NOT EDIT THIS FILE DIRECTLY.
# yarn lockfile v1


"@vssue/api-github-v3@^1.4.3":
  version "1.4.7"
  resolved "https://registry.nlark.com/@vssue/api-github-v3/download/@vssue/api-github-v3-1.4.7.tgz#7e30304111ac34b5785abe2f99be8dcc04e94cdf"
  integrity sha1-fjAwQRGsNLV4Wr4vmb6NzATpTN8=
  dependencies:
    "@vssue/utils" "^1.4.7"
    axios "^0.21.1"

"@vssue/utils@^1.4.7":
  version "1.4.7"
  resolved "https://registry.nlark.com/@vssue/utils/download/@vssue/utils-1.4.7.tgz#58a9ec2687d26080aa04cab17e8f87049f1342c3"
  integrity sha1-WKnsJofSYICqBMqxfo+HBJ8TQsM=
  dependencies:
    date-fns "^1.29.0"
    qs "^6.6.0"

"@vssue/vuepress-plugin-vssue@^1.4.3":
  version "1.4.8"
  resolved "https://registry.nlark.com/@vssue/vuepress-plugin-vssue/download/@vssue/vuepress-plugin-vssue-1.4.8.tgz#37b8ada338c1222a143eb648555372d2959f4624"
  integrity sha1-N7itozjBIioUPrZIVVNy0pWfRiQ=
  dependencies:
    vssue "^1.4.8"

"@vuepress/plugin-back-to-top@^1.2.0":
  version "1.4.0"
  resolved "https://registry.yarnpkg.com/@vuepress/plugin-back-to-top/-/plugin-back-to-top-1.4.0.tgz#baca4daf8de469544956bb21903dbeba691d40e4"
  integrity sha512-tFsFx/jIoCh3hKWIDYioQyqhF+OJ+3QYAyPSJsvIadmOiS1Op33MlPVurWxr+J5hGlsvnOEyQqT9++mGh3N2KA==
  dependencies:
    lodash.debounce "^4.0.8"

"@vuepress/plugin-nprogress@^1.4.0":
  version "1.8.2"
  resolved "https://registry.nlark.com/@vuepress/plugin-nprogress/download/@vuepress/plugin-nprogress-1.8.2.tgz#dc6c082925420c8c59ecb7fc2d4a9401f6d4664a"
  integrity sha1-3GwIKSVCDIxZ7Lf8LUqUAfbUZko=
  dependencies:
    nprogress "^0.2.0"

async-validator@~1.8.1:
  version "1.8.5"
  resolved "https://registry.yarnpkg.com/async-validator/-/async-validator-1.8.5.tgz#dc3e08ec1fd0dddb67e60842f02c0cd1cec6d7f0"
  integrity sha512-tXBM+1m056MAX0E8TL2iCjg8WvSyXu0Zc8LNtYqrVeyoL3+esHRZ4SieE9fKQyyU09uONjnMEjrNBMqT0mbvmA==
  dependencies:
    babel-runtime "6.x"

axios@^0.21.1:
  version "0.21.4"
  resolved "https://registry.npmmirror.com/axios/download/axios-0.21.4.tgz#c67b90dc0568e5c1cf2b0b858c43ba28e2eda575"
  integrity sha1-xnuQ3AVo5cHPKwuFjEO6KOLtpXU=
  dependencies:
    follow-redirects "^1.14.0"

babel-helper-vue-jsx-merge-props@^2.0.0:
  version "2.0.3"
  resolved "https://registry.yarnpkg.com/babel-helper-vue-jsx-merge-props/-/babel-helper-vue-jsx-merge-props-2.0.3.tgz#22aebd3b33902328e513293a8e4992b384f9f1b6"
  integrity sha512-gsLiKK7Qrb7zYJNgiXKpXblxbV5ffSwR0f5whkPAaBAR4fhi6bwRZxX9wBlIc5M/v8CCkXUbXZL4N/nSE97cqg==

babel-runtime@6.x:
  version "6.26.0"
  resolved "https://registry.yarnpkg.com/babel-runtime/-/babel-runtime-6.26.0.tgz#965c7058668e82b55d7bfe04ff2337bc8b5647fe"
  integrity sha1-llxwWGaOgrVde/4E/yM3vItWR/4=
  dependencies:
    core-js "^2.4.0"
    regenerator-runtime "^0.11.0"

call-bind@^1.0.0:
  version "1.0.2"
  resolved "https://registry.nlark.com/call-bind/download/call-bind-1.0.2.tgz#b1d4e89e688119c3c9a903ad30abb2f6a919be3c"
  integrity sha1-sdTonmiBGcPJqQOtMKuy9qkZvjw=
  dependencies:
    function-bind "^1.1.1"
    get-intrinsic "^1.0.2"

core-js@^2.4.0:
  version "2.6.11"
  resolved "https://registry.yarnpkg.com/core-js/-/core-js-2.6.11.tgz#38831469f9922bded8ee21c9dc46985e0399308c"
  integrity sha512-5wjnpaT/3dV+XB4borEsnAYQchn00XSgTAWKDkEqv+K8KevjbzmofK6hfJ9TZIlpj2N0xQpazy7PiRQiWHqzWg==

date-fns@^1.29.0:
  version "1.30.1"
  resolved "https://registry.npmmirror.com/date-fns/download/date-fns-1.30.1.tgz?cache=0&sync_timestamp=1633421929609&other_urls=https%3A%2F%2Fregistry.npmmirror.com%2Fdate-fns%2Fdownload%2Fdate-fns-1.30.1.tgz#2e71bf0b119153dbb4cc4e88d9ea5acfb50dc05c"
  integrity sha1-LnG/CxGRU9u0zE6I2epaz7UNwFw=

deepmerge@^1.2.0:
  version "1.5.2"
  resolved "https://registry.yarnpkg.com/deepmerge/-/deepmerge-1.5.2.tgz#10499d868844cdad4fee0842df8c7f6f0c95a753"
  integrity sha512-95k0GDqvBjZavkuvzx/YqVLv/6YYa17fz6ILMSf7neqQITCPbnfEnQvEgMPNjH4kgobe7+WIL0yJEHku+H3qtQ==

element-ui@^2.12.0:
  version "2.13.0"
  resolved "https://registry.yarnpkg.com/element-ui/-/element-ui-2.13.0.tgz#f6bb04e5b0a76ea5f62466044b774407ba4ebd2d"
  integrity sha512-KYsHWsBXYbLELS8cdfvgJTOMSUby3UEjvsPV1V1VmgJ/DdkOAS4z3MiOrPxrT9w2Cc5lZ4eVSQiGhYFR5NVChw==
  dependencies:
    async-validator "~1.8.1"
    babel-helper-vue-jsx-merge-props "^2.0.0"
    deepmerge "^1.2.0"
    normalize-wheel "^1.0.1"
    resize-observer-polyfill "^1.5.0"
    throttle-debounce "^1.0.1"

follow-redirects@^1.14.0:
  version "1.14.4"
  resolved "https://registry.nlark.com/follow-redirects/download/follow-redirects-1.14.4.tgz#838fdf48a8bbdd79e52ee51fb1c94e3ed98b9379"
  integrity sha1-g4/fSKi73XnlLuUfsclOPtmLk3k=

function-bind@^1.1.1:
  version "1.1.1"
  resolved "https://registry.nlark.com/function-bind/download/function-bind-1.1.1.tgz#a56899d3ea3c9bab874bb9773b7c5ede92f4895d"
  integrity sha1-pWiZ0+o8m6uHS7l3O3xe3pL0iV0=

get-intrinsic@^1.0.2:
  version "1.1.1"
  resolved "https://registry.npm.taobao.org/get-intrinsic/download/get-intrinsic-1.1.1.tgz?cache=0&sync_timestamp=1612364352840&other_urls=https%3A%2F%2Fregistry.npm.taobao.org%2Fget-intrinsic%2Fdownload%2Fget-intrinsic-1.1.1.tgz#15f59f376f855c446963948f0d24cd3637b4abc6"
  integrity sha1-FfWfN2+FXERpY5SPDSTNNje0q8Y=
  dependencies:
    function-bind "^1.1.1"
    has "^1.0.3"
    has-symbols "^1.0.1"

github-markdown-css@^3.0.1:
  version "3.0.1"
  resolved "https://registry.npmmirror.com/github-markdown-css/download/github-markdown-css-3.0.1.tgz?cache=0&sync_timestamp=1634473559070&other_urls=https%3A%2F%2Fregistry.npmmirror.com%2Fgithub-markdown-css%2Fdownload%2Fgithub-markdown-css-3.0.1.tgz#d08db1060d2e182025e0d07d547cfe2afed30205"
  integrity sha1-0I2xBg0uGCAl4NB9VHz+Kv7TAgU=

has-symbols@^1.0.1:
  version "1.0.2"
  resolved "https://registry.npm.taobao.org/has-symbols/download/has-symbols-1.0.2.tgz#165d3070c00309752a1236a479331e3ac56f1423"
  integrity sha1-Fl0wcMADCXUqEjakeTMeOsVvFCM=

has@^1.0.3:
  version "1.0.3"
  resolved "https://registry.nlark.com/has/download/has-1.0.3.tgz#722d7cbfc1f6aa8241f16dd814e011e1f41e8796"
  integrity sha1-ci18v8H2qoJB8W3YFOAR4fQeh5Y=
  dependencies:
    function-bind "^1.1.1"

lodash.debounce@^4.0.8:
  version "4.0.8"
  resolved "https://registry.yarnpkg.com/lodash.debounce/-/lodash.debounce-4.0.8.tgz#82d79bff30a67c4005ffd5e2515300ad9ca4d7af"
  integrity sha1-gteb/zCmfEAF/9XiUVMArZyk168=

normalize-wheel@^1.0.1:
  version "1.0.1"
  resolved "https://registry.yarnpkg.com/normalize-wheel/-/normalize-wheel-1.0.1.tgz#aec886affdb045070d856447df62ecf86146ec45"
  integrity sha1-rsiGr/2wRQcNhWRH32Ls+GFG7EU=

nprogress@^0.2.0:
  version "0.2.0"
  resolved "https://registry.nlark.com/nprogress/download/nprogress-0.2.0.tgz#cb8f34c53213d895723fcbab907e9422adbcafb1"
  integrity sha1-y480xTIT2JVyP8urkH6UIq28r7E=

object-inspect@^1.9.0:
  version "1.11.0"
  resolved "https://registry.nlark.com/object-inspect/download/object-inspect-1.11.0.tgz?cache=0&sync_timestamp=1626120241132&other_urls=https%3A%2F%2Fregistry.nlark.com%2Fobject-inspect%2Fdownload%2Fobject-inspect-1.11.0.tgz#9dceb146cedd4148a0d9e51ab88d34cf509922b1"
  integrity sha1-nc6xRs7dQUig2eUauI00z1CZIrE=

qs@^6.6.0:
  version "6.10.1"
  resolved "https://registry.nlark.com/qs/download/qs-6.10.1.tgz#4931482fa8d647a5aab799c5271d2133b981fb6a"
  integrity sha1-STFIL6jWR6Wqt5nFJx0hM7mB+2o=
  dependencies:
    side-channel "^1.0.4"

regenerator-runtime@^0.11.0:
  version "0.11.1"
  resolved "https://registry.yarnpkg.com/regenerator-runtime/-/regenerator-runtime-0.11.1.tgz#be05ad7f9bf7d22e056f9726cee5017fbf19e2e9"
  integrity sha512-MguG95oij0fC3QV3URf4V2SDYGJhJnJGqvIIgdECeODCT98wSWDAJ94SSuVpYQUoTcGUIL6L4yNB7j1DFFHSBg==

resize-observer-polyfill@^1.5.0:
  version "1.5.1"
  resolved "https://registry.yarnpkg.com/resize-observer-polyfill/-/resize-observer-polyfill-1.5.1.tgz#0e9020dd3d21024458d4ebd27e23e40269810464"
  integrity sha512-LwZrotdHOo12nQuZlHEmtuXdqGoOD0OhaxopaNFxWzInpEgaLWoVuAMbTzixuosCx2nEG58ngzW3vxdWoxIgdg==

side-channel@^1.0.4:
  version "1.0.4"
  resolved "https://registry.nlark.com/side-channel/download/side-channel-1.0.4.tgz#efce5c8fdc104ee751b25c58d4290011fa5ea2cf"
  integrity sha1-785cj9wQTudRslxY1CkAEfpeos8=
  dependencies:
    call-bind "^1.0.0"
    get-intrinsic "^1.0.2"
    object-inspect "^1.9.0"

throttle-debounce@^1.0.1:
  version "1.1.0"
  resolved "https://registry.yarnpkg.com/throttle-debounce/-/throttle-debounce-1.1.0.tgz#51853da37be68a155cb6e827b3514a3c422e89cd"
  integrity sha512-XH8UiPCQcWNuk2LYePibW/4qL97+ZQ1AN3FNXwZRBNPPowo/NRU5fAlDCSNBJIYCKbioZfuYtMhG4quqoJhVzg==

vssue@^1.4.8:
  version "1.4.8"
  resolved "https://registry.nlark.com/vssue/download/vssue-1.4.8.tgz#e0de059d16bf870dd7d72735d71761dfedfcfeb5"
  integrity sha1-4N4FnRa/hw3X1yc11xdh3+38/rU=
  dependencies:
    "@vssue/utils" "^1.4.7"
    github-markdown-css "^3.0.1"
    vue "^2.6.10"
    vue-i18n "^8.11.2"
    vue-property-decorator "^8.1.1"

vue-class-component@^7.1.0:
  version "7.2.6"
  resolved "https://registry.nlark.com/vue-class-component/download/vue-class-component-7.2.6.tgz#8471e037b8e4762f5a464686e19e5afc708502e4"
  integrity sha1-hHHgN7jkdi9aRkaG4Z5a/HCFAuQ=

vue-i18n@^8.11.2:
  version "8.26.5"
  resolved "https://registry.npmmirror.com/vue-i18n/download/vue-i18n-8.26.5.tgz?cache=0&sync_timestamp=1635131517219&other_urls=https%3A%2F%2Fregistry.npmmirror.com%2Fvue-i18n%2Fdownload%2Fvue-i18n-8.26.5.tgz#b61e994e7ae83564c6aebd004543156bbdc7c7e9"
  integrity sha1-th6ZTnroNWTGrr0ARUMVa73Hx+k=

vue-property-decorator@^8.1.1:
  version "8.5.1"
  resolved "https://registry.npm.taobao.org/vue-property-decorator/download/vue-property-decorator-8.5.1.tgz#571a91cf8d2b507f537d79bf8275af3184572fff"
  integrity sha1-VxqRz40rUH9TfXm/gnWvMYRXL/8=
  dependencies:
    vue-class-component "^7.1.0"

vue@^2.6.10:
  version "2.6.14"
  resolved "https://registry.npmmirror.com/vue/download/vue-2.6.14.tgz?cache=0&sync_timestamp=1633712555314&other_urls=https%3A%2F%2Fregistry.npmmirror.com%2Fvue%2Fdownload%2Fvue-2.6.14.tgz#e51aa5250250d569a3fbad3a8a5a687d6036e235"
  integrity sha1-5RqlJQJQ1Wmj+606ilpofWA24jU=
